{
  "version": 4,
  "terraform_version": "1.13.2",
  "serial": 1,
  "lineage": "cdbc4d43-8533-ae5b-6cbc-a73c811da15c",
  "outputs": {},
  "resources": [
    {
      "module": "module.beanstalk_aplication",
      "mode": "managed",
      "type": "aws_elastic_beanstalk_application",
      "name": "beanstalk_aplication",
      "provider": "provider[\"registry.terraform.io/hashicorp/aws\"]",
      "instances": [
        {
          "schema_version": 0,
          "attributes": {
            "appversion_lifecycle": [],
            "arn": "arn:aws:elasticbeanstalk:ap-south-1:644209053375:application/uat-application",
            "description": "",
            "id": "uat-application",
            "name": "uat-application",
            "tags": null,
            "tags_all": {}
          },
          "sensitive_attributes": [],
          "identity_schema_version": 0,
          "private": "bnVsbA=="
        }
      ]
    }
  ],
  "check_results": null
}
